
Microsoft Visual Studio Solution File, Format Version 12.00
# Visual Studio 14
VisualStudioVersion = 14.0.25420.1
MinimumVisualStudioVersion = 10.0.40219.1
Project("{FAE04EC0-301F-11D3-BF4B-00C04F79EFBC}") = "TempHexDisplay", "TempHexDisplay\TempHexDisplay.csproj", "{1FAF30B0-A4AA-4A37-800C-F10E1C0CED12}"
EndProject
Project("{FAE04EC0-301F-11D3-BF4B-00C04F79EFBC}") = "PCTImageAcquisition", "PCTImageAcquisition\PCTImageAcquisition.csproj", "{3A53527E-1676-4FD2-9D4E-8E7556F9EBE4}"
EndProject
Global
	GlobalSection(SolutionConfigurationPlatforms) = preSolution
		Debug|Any CPU = Debug|Any CPU
		Debug|x64 = Debug|x64
		Release|Any CPU = Release|Any CPU
		Release|x64 = Release|x64
	EndGlobalSection
	GlobalSection(ProjectConfigurationPlatforms) = postSolution
		{1FAF30B0-A4AA-4A37-800C-F10E1C0CED12}.Debug|Any CPU.ActiveCfg = Debug|Any CPU
		{1FAF30B0-A4AA-4A37-800C-F10E1C0CED12}.Debug|Any CPU.Build.0 = Debug|Any CPU
		{1FAF30B0-A4AA-4A37-800C-F10E1C0CED12}.Debug|x64.ActiveCfg = Debug|x64
		{1FAF30B0-A4AA-4A37-800C-F10E1C0CED12}.Debug|x64.Build.0 = Debug|x64
		{1FAF30B0-A4AA-4A37-800C-F10E1C0CED12}.Release|Any CPU.ActiveCfg = Release|Any CPU
		{1FAF30B0-A4AA-4A37-800C-F10E1C0CED12}.Release|Any CPU.Build.0 = Release|Any CPU
		{1FAF30B0-A4AA-4A37-800C-F10E1C0CED12}.Release|x64.ActiveCfg = Release|x64
		{1FAF30B0-A4AA-4A37-800C-F10E1C0CED12}.Release|x64.Build.0 = Release|x64
		{3A53527E-1676-4FD2-9D4E-8E7556F9EBE4}.Debug|Any CPU.ActiveCfg = Debug|Any CPU
		{3A53527E-1676-4FD2-9D4E-8E7556F9EBE4}.Debug|Any CPU.Build.0 = Debug|Any CPU
		{3A53527E-1676-4FD2-9D4E-8E7556F9EBE4}.Debug|x64.ActiveCfg = Debug|x64
		{3A53527E-1676-4FD2-9D4E-8E7556F9EBE4}.Debug|x64.Build.0 = Debug|x64
		{3A53527E-1676-4FD2-9D4E-8E7556F9EBE4}.Release|Any CPU.ActiveCfg = Release|Any CPU
		{3A53527E-1676-4FD2-9D4E-8E7556F9EBE4}.Release|Any CPU.Build.0 = Release|Any CPU
		{3A53527E-1676-4FD2-9D4E-8E7556F9EBE4}.Release|x64.ActiveCfg = Release|x64
		{3A53527E-1676-4FD2-9D4E-8E7556F9EBE4}.Release|x64.Build.0 = Release|x64
	EndGlobalSection
	GlobalSection(SolutionProperties) = preSolution
		HideSolutionNode = FALSE
	EndGlobalSection
EndGlobal
